Microsoft Visual Studio Solution File, Format Version 12.00
# Visual Studio 2012
Project("{FAE04EC0-301F-11D3-BF4B-00C04F79EFBC}") = "wallball", "wallball.csproj", "{37C2DD42-F9BC-4923-AAB8-F1016DB8CEFA}"
EndProject
Global
	GlobalSection(SolutionConfigurationPlatforms) = preSolution
	Debug|Any CPU = Debug|Any CPU
	ExportDebug|Any CPU = ExportDebug|Any CPU
	ExportRelease|Any CPU = ExportRelease|Any CPU
	EndGlobalSection
	GlobalSection(ProjectConfigurationPlatforms) = postSolution
		{37C2DD42-F9BC-4923-AAB8-F1016DB8CEFA}.Debug|Any CPU.ActiveCfg = Debug|Any CPU
		{37C2DD42-F9BC-4923-AAB8-F1016DB8CEFA}.Debug|Any CPU.Build.0 = Debug|Any CPU
		{37C2DD42-F9BC-4923-AAB8-F1016DB8CEFA}.ExportDebug|Any CPU.ActiveCfg = ExportDebug|Any CPU
		{37C2DD42-F9BC-4923-AAB8-F1016DB8CEFA}.ExportDebug|Any CPU.Build.0 = ExportDebug|Any CPU
		{37C2DD42-F9BC-4923-AAB8-F1016DB8CEFA}.ExportRelease|Any CPU.ActiveCfg = ExportRelease|Any CPU
		{37C2DD42-F9BC-4923-AAB8-F1016DB8CEFA}.ExportRelease|Any CPU.Build.0 = ExportRelease|Any CPU
	EndGlobalSection
EndGlobal
